
Microsoft Visual Studio Solution File, Format Version 12.00
# Visual Studio 15
VisualStudioVersion = 15.0.27428.2015
MinimumVisualStudioVersion = 10.0.40219.1
Project("{FAE04EC0-301F-11D3-BF4B-00C04F79EFBC}") = "QueryTestCHORALE", "QueryTestCHORALE\QueryTestCHORALE.csproj", "{0EDB2E95-2C95-4805-80DB-9DFB8E7F499C}"
EndProject
Global
	GlobalSection(SolutionConfigurationPlatforms) = preSolution
		Debug|Any CPU = Debug|Any CPU
		Release|Any CPU = Release|Any CPU
	EndGlobalSection
	GlobalSection(ProjectConfigurationPlatforms) = postSolution
		{0EDB2E95-2C95-4805-80DB-9DFB8E7F499C}.Debug|Any CPU.ActiveCfg = Debug|Any CPU
		{0EDB2E95-2C95-4805-80DB-9DFB8E7F499C}.Debug|Any CPU.Build.0 = Debug|Any CPU
		{0EDB2E95-2C95-4805-80DB-9DFB8E7F499C}.Release|Any CPU.ActiveCfg = Release|Any CPU
		{0EDB2E95-2C95-4805-80DB-9DFB8E7F499C}.Release|Any CPU.Build.0 = Release|Any CPU
	EndGlobalSection
	GlobalSection(SolutionProperties) = preSolution
		HideSolutionNode = FALSE
	EndGlobalSection
	GlobalSection(ExtensibilityGlobals) = postSolution
		SolutionGuid = {2D7746B4-DEE5-4240-A5DB-1A0F451E66E3}
	EndGlobalSection
EndGlobal
